
Microsoft Visual Studio Solution File, Format Version 12.00
# Visual Studio Version 16
VisualStudioVersion = 16.0.809.10
MinimumVisualStudioVersion = 10.0.40219.1
Project("{FAE04EC0-301F-11D3-BF4B-00C04F79EFBC}") = "Gentrack_Assessment", "Gentrack_Assessment\Gentrack_Assessment.csproj", "{0C1E0231-280B-40A5-B29B-2E324D67C75B}"
EndProject
Project("{FAE04EC0-301F-11D3-BF4B-00C04F79EFBC}") = "Gentrack_Assessment_Tests", "Gentrack_Assessment_Tests\Gentrack_Assessment_Tests.csproj", "{C8A1FA53-E8FF-4D81-B4DF-46394EAD0A60}"
EndProject
Global
	GlobalSection(SolutionConfigurationPlatforms) = preSolution
		Debug|Any CPU = Debug|Any CPU
		Release|Any CPU = Release|Any CPU
	EndGlobalSection
	GlobalSection(ProjectConfigurationPlatforms) = postSolution
		{0C1E0231-280B-40A5-B29B-2E324D67C75B}.Debug|Any CPU.ActiveCfg = Debug|Any CPU
		{0C1E0231-280B-40A5-B29B-2E324D67C75B}.Debug|Any CPU.Build.0 = Debug|Any CPU
		{0C1E0231-280B-40A5-B29B-2E324D67C75B}.Release|Any CPU.ActiveCfg = Release|Any CPU
		{0C1E0231-280B-40A5-B29B-2E324D67C75B}.Release|Any CPU.Build.0 = Release|Any CPU
		{C8A1FA53-E8FF-4D81-B4DF-46394EAD0A60}.Debug|Any CPU.ActiveCfg = Debug|Any CPU
		{C8A1FA53-E8FF-4D81-B4DF-46394EAD0A60}.Debug|Any CPU.Build.0 = Debug|Any CPU
		{C8A1FA53-E8FF-4D81-B4DF-46394EAD0A60}.Release|Any CPU.ActiveCfg = Release|Any CPU
		{C8A1FA53-E8FF-4D81-B4DF-46394EAD0A60}.Release|Any CPU.Build.0 = Release|Any CPU
	EndGlobalSection
	GlobalSection(SolutionProperties) = preSolution
		HideSolutionNode = FALSE
	EndGlobalSection
	GlobalSection(ExtensibilityGlobals) = postSolution
		SolutionGuid = {2701C380-5087-4838-8CB6-A25B9C690755}
	EndGlobalSection
EndGlobal
